
Microsoft Visual Studio Solution File, Format Version 12.00
Project("{FAE04EC0-301F-11D3-BF4B-00C04F79EFBC}") = "PasswordValidation", "PasswordValidation.csproj", "{00BB3452-2512-4DD1-8370-8D45A10BE937}"
EndProject
Project("{FAE04EC0-301F-11D3-BF4B-00C04F79EFBC}") = "PasswordValidation.Test", "..\PasswordValidation.Test\PasswordValidation.Test.csproj", "{229D7F0E-11C3-4FEB-B00B-E997799D6C15}"
EndProject
Global
	GlobalSection(SolutionConfigurationPlatforms) = preSolution
		Debug|Any CPU = Debug|Any CPU
		Release|Any CPU = Release|Any CPU
	EndGlobalSection
	GlobalSection(ProjectConfigurationPlatforms) = postSolution
		{00BB3452-2512-4DD1-8370-8D45A10BE937}.Debug|Any CPU.ActiveCfg = Debug|Any CPU
		{00BB3452-2512-4DD1-8370-8D45A10BE937}.Debug|Any CPU.Build.0 = Debug|Any CPU
		{00BB3452-2512-4DD1-8370-8D45A10BE937}.Release|Any CPU.ActiveCfg = Release|Any CPU
		{00BB3452-2512-4DD1-8370-8D45A10BE937}.Release|Any CPU.Build.0 = Release|Any CPU
		{229D7F0E-11C3-4FEB-B00B-E997799D6C15}.Debug|Any CPU.ActiveCfg = Debug|Any CPU
		{229D7F0E-11C3-4FEB-B00B-E997799D6C15}.Debug|Any CPU.Build.0 = Debug|Any CPU
		{229D7F0E-11C3-4FEB-B00B-E997799D6C15}.Release|Any CPU.ActiveCfg = Release|Any CPU
		{229D7F0E-11C3-4FEB-B00B-E997799D6C15}.Release|Any CPU.Build.0 = Release|Any CPU
	EndGlobalSection
EndGlobal
